{
  "name": "Editor",
  "lockfileVersion": 3,
  "requires": true,
  "packages": {
    "": {
      "dependencies": {
        "datatables.net-editor": "^2.0.5"
      }
    },
    "node_modules/adm-zip": {
      "version": "0.4.16",
      "resolved": "https://registry.npmjs.org/adm-zip/-/adm-zip-0.4.16.tgz",
      "integrity": "sha512-TFi4HBKSGfIKsK5YCkKaaFG2m4PEDyViZmEwof3MTIgzimHLto6muaHVpbrljdIvIrFZzEq/p4nafOeLcYegrg==",
      "engines": {
        "node": ">=0.3.0"
      }
    },
    "node_modules/datatables.net-editor": {
      "version": "2.0.5",
      "resolved": "https://registry.npmjs.org/datatables.net-editor/-/datatables.net-editor-2.0.5.tgz",
      "integrity": "sha512-tSvMeg+k07PjXB5h9vRSCe4S/MJ8QbGN7qk3T3AfSAvG5FxX5D8YCxQc3HLZTFTaVPKkccZAnlbSZHqYvAkG3Q==",
      "hasInstallScript": true,
      "dependencies": {
        "adm-zip": "^0.4.7"
      }
    }
  }
}
